#MicroXplorer Configuration settings - do not modify
Mcu.Family=STM32F1
RCC.PLLSourceVirtual=RCC_PLLSOURCE_HSE
ProjectManager.MainLocation=Core/Src
PC15-OSC32_OUT.Mode=LSE-External-Oscillator
RCC.MCOFreq_Value=64000000
ProjectManager.ProjectFileName=QUESTION_SERVO.ioc
USART2.IPParameters=VirtualMode,BaudRate
ProjectManager.KeepUserCode=true
Mcu.UserName=STM32F103VBTx
Mcu.PinsNb=28
TIM3.AutoReloadPreload=TIM_AUTORELOAD_PRELOAD_ENABLE
ProjectManager.NoMain=false
TIM1.IPParameters=Channel-PWM Generation2 CH2,Prescaler,Period,AutoReloadPreload,OC2Preload_PWM
RCC.PLLCLKFreq_Value=64000000
PC5.Locked=true
PC7.Locked=true
ProjectManager.functionlistsort=1-MX_GPIO_Init-GPIO-false-HAL-true,2-SystemClock_Config-RCC-false-HAL-false,3-MX_TIM3_Init-TIM3-false-HAL-true,4-MX_USART2_UART_Init-USART2-false-HAL-true,5-MX_TIM1_Init-TIM1-false-HAL-true
PC4.Signal=GPIO_Output
PC2.Signal=GPIO_Output
PC6.Signal=GPIO_Output
PC3.Locked=true
PD1.Signal=GPIO_Output
RCC.ADCFreqValue=4000000
ProjectManager.DefaultFWLocation=true
PD6.Locked=true
PD5.Signal=USART2_TX
PD0.Locked=true
ProjectManager.DeletePrevious=true
RCC.APB1CLKDivider=RCC_HCLK_DIV2
PC14-OSC32_IN.Signal=RCC_OSC32_IN
PD6.Mode=Asynchronous
USART2.BaudRate=9600
PinOutPanel.RotationAngle=0
RCC.FamilyName=M
RCC.SYSCLKSource=RCC_SYSCLKSOURCE_PLLCLK
ProjectManager.StackSize=0x400
PA0-WKUP.Signal=GPIO_Output
PA0-WKUP.Locked=true
PA13.Signal=SYS_JTMS-SWDIO
TIM1.AutoReloadPreload=TIM_AUTORELOAD_PRELOAD_ENABLE
Mcu.IP4=TIM3
RCC.FCLKCortexFreq_Value=64000000
Mcu.IP5=USART2
NVIC.SVCall_IRQn=true\:0\:0\:false\:false\:true\:false\:false
Mcu.IP2=SYS
Mcu.IP3=TIM1
Mcu.IP0=NVIC
Mcu.IP1=RCC
TIM1.Prescaler=999
Mcu.UserConstants=
SH.S_TIM3_CH2.ConfNb=1
ProjectManager.TargetToolchain=STM32CubeIDE
Mcu.ThirdPartyNb=0
RCC.HCLKFreq_Value=64000000
Mcu.IPNb=6
ProjectManager.PreviousToolchain=
PC6.Locked=true
RCC.APB2TimFreq_Value=16000000
TIM3.Period=319
VP_TIM1_VS_ClockSourceINT.Signal=TIM1_VS_ClockSourceINT
TIM1.Channel-PWM\ Generation2\ CH2=TIM_CHANNEL_2
PC7.Signal=GPIO_Output
PC3.Signal=GPIO_Output
Mcu.Pin6=PA0-WKUP
PD0.Signal=GPIO_Output
PC2.Locked=true
Mcu.Pin7=PA3
ProjectManager.RegisterCallBack=
OSC_IN.Signal=RCC_OSC_IN
Mcu.Pin8=PA7
PE0.Locked=true
RCC.USBFreq_Value=64000000
OSC_OUT.Mode=HSE-External-Oscillator
Mcu.Pin9=PC4
PE1.Signal=GPIO_Output
VP_TIM3_VS_ClockSourceINT.Signal=TIM3_VS_ClockSourceINT
PE11.Signal=S_TIM1_CH2
OSC_OUT.Signal=RCC_OSC_OUT
PC15-OSC32_OUT.Signal=RCC_OSC32_OUT
RCC.AHBFreq_Value=64000000
Mcu.Pin0=PC14-OSC32_IN
PB1.Locked=true
Mcu.Pin1=PC15-OSC32_OUT
SH.S_TIM1_CH2.ConfNb=1
PE14.Locked=true
PD5.Mode=Asynchronous
TIM3.OC2Preload_PWM=DISABLE
GPIO.groupedBy=Group By Peripherals
Mcu.Pin2=OSC_IN
Mcu.Pin3=OSC_OUT
Mcu.Pin4=PC2
Mcu.Pin5=PC3
ProjectManager.ProjectBuild=false
SH.S_TIM3_CH2.0=TIM3_CH2,PWM Generation2 CH2
NVIC.UsageFault_IRQn=true\:0\:0\:false\:false\:true\:false\:false
NVIC.DebugMonitor_IRQn=true\:0\:0\:false\:false\:true\:false\:false
board=custom
NVIC.SysTick_IRQn=true\:0\:0\:false\:false\:true\:false\:true
ProjectManager.LastFirmware=true
RCC.PLLMUL=RCC_PLL_MUL8
NVIC.TIM3_IRQn=true\:0\:0\:false\:false\:true\:true\:true
RCC.VCOOutput2Freq_Value=8000000
ProjectManager.FirmwarePackage=STM32Cube FW_F1 V1.8.4
MxDb.Version=DB.6.0.21
PE15.Locked=true
RCC.APB2Freq_Value=8000000
PE14.Signal=GPIO_Output
PE15.Signal=GPIO_Output
ProjectManager.BackupPrevious=false
MxCube.Version=6.2.1
PC14-OSC32_IN.Mode=LSE-External-Oscillator
SH.S_TIM1_CH2.0=TIM1_CH2,PWM Generation2 CH2
PA14.Mode=Serial_Wire
TIM1.OC2Preload_PWM=DISABLE
TIM3.Prescaler=999
File.Version=6
VP_SYS_VS_Systick.Mode=SysTick
TIM3.IPParameters=Prescaler,Channel-PWM Generation2 CH2,OC2Preload_PWM,Period,AutoReloadPreload
NVIC.NonMaskableInt_IRQn=true\:0\:0\:false\:false\:true\:false\:false
PE1.Locked=true
NVIC.PendSV_IRQn=true\:0\:0\:false\:false\:true\:false\:false
PA13.Mode=Serial_Wire
ProjectManager.FreePins=false
RCC.IPParameters=ADCFreqValue,AHBFreq_Value,APB1CLKDivider,APB1Freq_Value,APB1TimFreq_Value,APB2CLKDivider,APB2Freq_Value,APB2TimFreq_Value,FCLKCortexFreq_Value,FamilyName,HCLKFreq_Value,MCOFreq_Value,PLLCLKFreq_Value,PLLMCOFreq_Value,PLLMUL,PLLSourceVirtual,SYSCLKFreq_VALUE,SYSCLKSource,TimSysFreq_Value,USBFreq_Value,VCOOutput2Freq_Value
PE11.Locked=true
ProjectManager.AskForMigrate=true
Mcu.Name=STM32F103V(8-B)Tx
PE0.Signal=GPIO_Output
ProjectManager.HalAssertFull=false
Mcu.Pin26=VP_TIM1_VS_ClockSourceINT
VP_TIM1_VS_ClockSourceINT.Mode=Internal
Mcu.Pin27=VP_TIM3_VS_ClockSourceINT
Mcu.Pin24=PE1
ProjectManager.ProjectName=QUESTION_SERVO
ProjectManager.UnderRoot=true
Mcu.Pin25=VP_SYS_VS_Systick
RCC.PLLMCOFreq_Value=32000000
ProjectManager.CoupleFile=false
RCC.SYSCLKFreq_VALUE=64000000
Mcu.Package=LQFP100
Mcu.Pin22=PD6
PB1.Signal=S_TIM3_CH4
Mcu.Pin23=PE0
RCC.TimSysFreq_Value=64000000
Mcu.Pin20=PD1
PA3.Locked=true
Mcu.Pin21=PD5
NVIC.ForceEnableDMAVector=true
KeepUserPlacement=false
OSC_IN.Mode=HSE-External-Oscillator
USART2.VirtualMode=VM_ASYNC
NVIC.MemoryManagement_IRQn=true\:0\:0\:false\:false\:true\:false\:false
ProjectManager.CompilerOptimize=6
ProjectManager.ToolChainLocation=
VP_SYS_VS_Systick.Signal=SYS_VS_Systick
PA14.Signal=SYS_JTCK-SWCLK
ProjectManager.HeapSize=0x200
Mcu.Pin15=PC6
NVIC.HardFault_IRQn=true\:0\:0\:false\:false\:true\:false\:false
Mcu.Pin16=PC7
Mcu.Pin13=PE14
Mcu.Pin14=PE15
Mcu.Pin19=PD0
ProjectManager.ComputerToolchain=false
Mcu.Pin17=PA13
Mcu.Pin18=PA14
SH.S_TIM3_CH4.ConfNb=1
NVIC.PriorityGroup=NVIC_PRIORITYGROUP_4
RCC.APB2CLKDivider=RCC_HCLK_DIV8
Mcu.Pin11=PB1
TIM3.Channel-PWM\ Generation2\ CH2=TIM_CHANNEL_2
Mcu.Pin12=PE11
Mcu.Pin10=PC5
RCC.APB1TimFreq_Value=64000000
NVIC.BusFault_IRQn=true\:0\:0\:false\:false\:true\:false\:false
PC4.Locked=true
PC5.Signal=GPIO_Output
TIM1.Period=319
PD6.Signal=USART2_RX
RCC.APB1Freq_Value=32000000
PD1.Locked=true
PD5.Locked=true
ProjectManager.CustomerFirmwarePackage=
VP_TIM3_VS_ClockSourceINT.Mode=Internal
ProjectManager.DeviceId=STM32F103VBTx
ProjectManager.LibraryCopy=1
SH.S_TIM3_CH4.0=TIM3_CH4
PA3.Signal=GPIO_Output
PA7.Signal=S_TIM3_CH2
isbadioc=false
